
Microsoft Visual Studio Solution File, Format Version 12.00
# Visual Studio Version 17
VisualStudioVersion = 17.3.32929.385
MinimumVisualStudioVersion = 10.0.40219.1
Project("{FAE04EC0-301F-11D3-BF4B-00C04F79EFBC}") = "Zadanie2_Forms_PM01_N1", "Zadanie2_Forms_PM01_N1\Zadanie2_Forms_PM01_N1.csproj", "{C709EBF9-A1BC-41E8-9B78-FBA155D93177}"
EndProject
Global
	GlobalSection(SolutionConfigurationPlatforms) = preSolution
		Debug|Any CPU = Debug|Any CPU
		Release|Any CPU = Release|Any CPU
	EndGlobalSection
	GlobalSection(ProjectConfigurationPlatforms) = postSolution
		{C709EBF9-A1BC-41E8-9B78-FBA155D93177}.Debug|Any CPU.ActiveCfg = Debug|Any CPU
		{C709EBF9-A1BC-41E8-9B78-FBA155D93177}.Debug|Any CPU.Build.0 = Debug|Any CPU
		{C709EBF9-A1BC-41E8-9B78-FBA155D93177}.Release|Any CPU.ActiveCfg = Release|Any CPU
		{C709EBF9-A1BC-41E8-9B78-FBA155D93177}.Release|Any CPU.Build.0 = Release|Any CPU
	EndGlobalSection
	GlobalSection(SolutionProperties) = preSolution
		HideSolutionNode = FALSE
	EndGlobalSection
	GlobalSection(ExtensibilityGlobals) = postSolution
		SolutionGuid = {72BC9570-13A6-488E-8223-C8F3B8F7BD5E}
	EndGlobalSection
EndGlobal
